
Microsoft Visual Studio Solution File, Format Version 12.00
# Visual Studio Version 16
VisualStudioVersion = 16.0.29911.84
MinimumVisualStudioVersion = 10.0.40219.1
Project("{888888A0-9F3D-457C-B088-3A5042F75D52}") = "DevNet_Marathon_NornirMAC", "DevNet_Marathon_NornirMAC.pyproj", "{5FE11597-58FA-4653-A815-6A037678F7E4}"
EndProject
Global
	GlobalSection(SolutionConfigurationPlatforms) = preSolution
		Debug|Any CPU = Debug|Any CPU
		Release|Any CPU = Release|Any CPU
	EndGlobalSection
	GlobalSection(ProjectConfigurationPlatforms) = postSolution
		{5FE11597-58FA-4653-A815-6A037678F7E4}.Debug|Any CPU.ActiveCfg = Debug|Any CPU
		{5FE11597-58FA-4653-A815-6A037678F7E4}.Release|Any CPU.ActiveCfg = Release|Any CPU
	EndGlobalSection
	GlobalSection(SolutionProperties) = preSolution
		HideSolutionNode = FALSE
	EndGlobalSection
	GlobalSection(ExtensibilityGlobals) = postSolution
		SolutionGuid = {12423849-C838-4247-9D56-4C85A0071EFA}
	EndGlobalSection
EndGlobal
